
Microsoft Visual Studio Solution File, Format Version 12.00
# Visual Studio 15
VisualStudioVersion = 15.0.28010.2046
MinimumVisualStudioVersion = 10.0.40219.1
Project("{9A19103F-16F7-4668-BE54-9A1E7A4F7556}") = "English Teacher", "English Teacher\English Teacher.csproj", "{B1F8D269-3842-424A-B93A-9C1EC895F203}"
EndProject
Global
	GlobalSection(SolutionConfigurationPlatforms) = preSolution
		Debug|Any CPU = Debug|Any CPU
		Release|Any CPU = Release|Any CPU
	EndGlobalSection
	GlobalSection(ProjectConfigurationPlatforms) = postSolution
		{B1F8D269-3842-424A-B93A-9C1EC895F203}.Debug|Any CPU.ActiveCfg = Debug|Any CPU
		{B1F8D269-3842-424A-B93A-9C1EC895F203}.Debug|Any CPU.Build.0 = Debug|Any CPU
		{B1F8D269-3842-424A-B93A-9C1EC895F203}.Release|Any CPU.ActiveCfg = Release|Any CPU
		{B1F8D269-3842-424A-B93A-9C1EC895F203}.Release|Any CPU.Build.0 = Release|Any CPU
	EndGlobalSection
	GlobalSection(SolutionProperties) = preSolution
		HideSolutionNode = FALSE
	EndGlobalSection
	GlobalSection(ExtensibilityGlobals) = postSolution
		SolutionGuid = {7F9B14A9-3FF1-4CD7-8ED3-8F1D5F0CB343}
	EndGlobalSection
EndGlobal
